
Microsoft Visual Studio Solution File, Format Version 12.00
# Visual Studio Version 17
VisualStudioVersion = 17.8.34511.84
MinimumVisualStudioVersion = 10.0.40219.1
Project("{9A19103F-16F7-4668-BE54-9A1E7A4F7556}") = "Hackathon2024", "Hackathon2024.csproj", "{768CD680-959C-42BA-85C7-3E6E12EFDB84}"
EndProject
Project("{9A19103F-16F7-4668-BE54-9A1E7A4F7556}") = "Hackathon2024.Tests", "..\Hackathon.Tests\Hackathon2024.Tests.csproj", "{823CC877-FF7B-42A2-AE37-3E077CFBAE49}"
EndProject
Global
	GlobalSection(SolutionConfigurationPlatforms) = preSolution
		Debug|Any CPU = Debug|Any CPU
		Release|Any CPU = Release|Any CPU
	EndGlobalSection
	GlobalSection(ProjectConfigurationPlatforms) = postSolution
		{768CD680-959C-42BA-85C7-3E6E12EFDB84}.Debug|Any CPU.ActiveCfg = Debug|Any CPU
		{768CD680-959C-42BA-85C7-3E6E12EFDB84}.Debug|Any CPU.Build.0 = Debug|Any CPU
		{768CD680-959C-42BA-85C7-3E6E12EFDB84}.Release|Any CPU.ActiveCfg = Release|Any CPU
		{768CD680-959C-42BA-85C7-3E6E12EFDB84}.Release|Any CPU.Build.0 = Release|Any CPU
		{823CC877-FF7B-42A2-AE37-3E077CFBAE49}.Debug|Any CPU.ActiveCfg = Debug|Any CPU
		{823CC877-FF7B-42A2-AE37-3E077CFBAE49}.Debug|Any CPU.Build.0 = Debug|Any CPU
		{823CC877-FF7B-42A2-AE37-3E077CFBAE49}.Release|Any CPU.ActiveCfg = Release|Any CPU
		{823CC877-FF7B-42A2-AE37-3E077CFBAE49}.Release|Any CPU.Build.0 = Release|Any CPU
	EndGlobalSection
	GlobalSection(SolutionProperties) = preSolution
		HideSolutionNode = FALSE
	EndGlobalSection
	GlobalSection(ExtensibilityGlobals) = postSolution
		SolutionGuid = {A253F126-761F-4EA7-A363-2C9A7B962E39}
	EndGlobalSection
EndGlobal
