
Microsoft Visual Studio Solution File, Format Version 12.00
# Visual Studio Version 17
VisualStudioVersion = 17.8.34525.116
MinimumVisualStudioVersion = 10.0.40219.1
Project("{FAE04EC0-301F-11D3-BF4B-00C04F79EFBC}") = "Hackathon2024", "Hackathon2024.csproj", "{5D42BB71-2B18-4B41-BEDA-C851E45D9E5C}"
EndProject
Project("{FAE04EC0-301F-11D3-BF4B-00C04F79EFBC}") = "Hackathon2024.Tests", "..\Hackathon2024.Tests\Hackathon2024.Tests.csproj", "{FA9413D6-C469-46CC-9F89-395E408B427F}"
EndProject
Global
	GlobalSection(SolutionConfigurationPlatforms) = preSolution
		Debug|Any CPU = Debug|Any CPU
		Release|Any CPU = Release|Any CPU
	EndGlobalSection
	GlobalSection(ProjectConfigurationPlatforms) = postSolution
		{5D42BB71-2B18-4B41-BEDA-C851E45D9E5C}.Debug|Any CPU.ActiveCfg = Debug|Any CPU
		{5D42BB71-2B18-4B41-BEDA-C851E45D9E5C}.Debug|Any CPU.Build.0 = Debug|Any CPU
		{5D42BB71-2B18-4B41-BEDA-C851E45D9E5C}.Release|Any CPU.ActiveCfg = Release|Any CPU
		{5D42BB71-2B18-4B41-BEDA-C851E45D9E5C}.Release|Any CPU.Build.0 = Release|Any CPU
		{FA9413D6-C469-46CC-9F89-395E408B427F}.Debug|Any CPU.ActiveCfg = Debug|Any CPU
		{FA9413D6-C469-46CC-9F89-395E408B427F}.Debug|Any CPU.Build.0 = Debug|Any CPU
		{FA9413D6-C469-46CC-9F89-395E408B427F}.Release|Any CPU.ActiveCfg = Release|Any CPU
		{FA9413D6-C469-46CC-9F89-395E408B427F}.Release|Any CPU.Build.0 = Release|Any CPU
	EndGlobalSection
	GlobalSection(SolutionProperties) = preSolution
		HideSolutionNode = FALSE
	EndGlobalSection
	GlobalSection(ExtensibilityGlobals) = postSolution
		SolutionGuid = {BA75B447-0783-4E12-A1DB-C6FAE8E70663}
	EndGlobalSection
EndGlobal
